
Microsoft Visual Studio Solution File, Format Version 12.00
Project("{2150E333-8FDC-42A3-9474-1A3956D46DE8}") = "src", "src", "{F0766F03-021A-4F2A-BB96-1CC34FFEF640}"
EndProject
Project("{2150E333-8FDC-42A3-9474-1A3956D46DE8}") = "tests", "tests", "{817D72DE-96BF-45E9-9E3F-17BE89D82C32}"
EndProject
Project("{FAE04EC0-301F-11D3-BF4B-00C04F79EFBC}") = "WebAPI", "src\WebAPI\WebAPI.csproj", "{973011E6-4CF7-4441-8AC7-C31A902075F2}"
EndProject
Project("{FAE04EC0-301F-11D3-BF4B-00C04F79EFBC}") = "Domain", "src\Domain\Domain.csproj", "{4F0E459E-0F7E-43C9-8F46-5B20C2FC149B}"
EndProject
Project("{FAE04EC0-301F-11D3-BF4B-00C04F79EFBC}") = "IntegrationTests", "tests\IntegrationTests\IntegrationTests.csproj", "{912E835A-1696-4147-9812-3D1AAA83A8FC}"
EndProject
Project("{FAE04EC0-301F-11D3-BF4B-00C04F79EFBC}") = "UnitTests", "tests\UnitTests\UnitTests.csproj", "{5B14EBB4-F894-47BB-AEBE-5EE08B0460C5}"
EndProject
Project("{FAE04EC0-301F-11D3-BF4B-00C04F79EFBC}") = "FunctionalTests", "tests\FunctionalTests\FunctionalTests.csproj", "{FAD15D0D-133A-434A-955D-7574ED1806C1}"
EndProject
Project("{FAE04EC0-301F-11D3-BF4B-00C04F79EFBC}") = "Application", "src\Application\Application.csproj", "{02267163-F333-4240-A3ED-A421BD25E56C}"
EndProject
Project("{FAE04EC0-301F-11D3-BF4B-00C04F79EFBC}") = "Infrastructure", "src\Infrastructure\Infrastructure.csproj", "{693CB02F-E1C2-4969-87C2-30BBA8E33C3A}"
EndProject
Global
	GlobalSection(SolutionConfigurationPlatforms) = preSolution
		Debug|Any CPU = Debug|Any CPU
		Release|Any CPU = Release|Any CPU
	EndGlobalSection
	GlobalSection(NestedProjects) = preSolution
		{973011E6-4CF7-4441-8AC7-C31A902075F2} = {F0766F03-021A-4F2A-BB96-1CC34FFEF640}
		{4F0E459E-0F7E-43C9-8F46-5B20C2FC149B} = {F0766F03-021A-4F2A-BB96-1CC34FFEF640}
		{912E835A-1696-4147-9812-3D1AAA83A8FC} = {817D72DE-96BF-45E9-9E3F-17BE89D82C32}
		{5B14EBB4-F894-47BB-AEBE-5EE08B0460C5} = {817D72DE-96BF-45E9-9E3F-17BE89D82C32}
		{FAD15D0D-133A-434A-955D-7574ED1806C1} = {817D72DE-96BF-45E9-9E3F-17BE89D82C32}
		{02267163-F333-4240-A3ED-A421BD25E56C} = {F0766F03-021A-4F2A-BB96-1CC34FFEF640}
		{693CB02F-E1C2-4969-87C2-30BBA8E33C3A} = {F0766F03-021A-4F2A-BB96-1CC34FFEF640}
	EndGlobalSection
	GlobalSection(ProjectConfigurationPlatforms) = postSolution
		{973011E6-4CF7-4441-8AC7-C31A902075F2}.Debug|Any CPU.ActiveCfg = Debug|Any CPU
		{973011E6-4CF7-4441-8AC7-C31A902075F2}.Debug|Any CPU.Build.0 = Debug|Any CPU
		{973011E6-4CF7-4441-8AC7-C31A902075F2}.Release|Any CPU.ActiveCfg = Release|Any CPU
		{973011E6-4CF7-4441-8AC7-C31A902075F2}.Release|Any CPU.Build.0 = Release|Any CPU
		{4F0E459E-0F7E-43C9-8F46-5B20C2FC149B}.Debug|Any CPU.ActiveCfg = Debug|Any CPU
		{4F0E459E-0F7E-43C9-8F46-5B20C2FC149B}.Debug|Any CPU.Build.0 = Debug|Any CPU
		{4F0E459E-0F7E-43C9-8F46-5B20C2FC149B}.Release|Any CPU.ActiveCfg = Release|Any CPU
		{4F0E459E-0F7E-43C9-8F46-5B20C2FC149B}.Release|Any CPU.Build.0 = Release|Any CPU
		{912E835A-1696-4147-9812-3D1AAA83A8FC}.Debug|Any CPU.ActiveCfg = Debug|Any CPU
		{912E835A-1696-4147-9812-3D1AAA83A8FC}.Debug|Any CPU.Build.0 = Debug|Any CPU
		{912E835A-1696-4147-9812-3D1AAA83A8FC}.Release|Any CPU.ActiveCfg = Release|Any CPU
		{912E835A-1696-4147-9812-3D1AAA83A8FC}.Release|Any CPU.Build.0 = Release|Any CPU
		{5B14EBB4-F894-47BB-AEBE-5EE08B0460C5}.Debug|Any CPU.ActiveCfg = Debug|Any CPU
		{5B14EBB4-F894-47BB-AEBE-5EE08B0460C5}.Debug|Any CPU.Build.0 = Debug|Any CPU
		{5B14EBB4-F894-47BB-AEBE-5EE08B0460C5}.Release|Any CPU.ActiveCfg = Release|Any CPU
		{5B14EBB4-F894-47BB-AEBE-5EE08B0460C5}.Release|Any CPU.Build.0 = Release|Any CPU
		{FAD15D0D-133A-434A-955D-7574ED1806C1}.Debug|Any CPU.ActiveCfg = Debug|Any CPU
		{FAD15D0D-133A-434A-955D-7574ED1806C1}.Debug|Any CPU.Build.0 = Debug|Any CPU
		{FAD15D0D-133A-434A-955D-7574ED1806C1}.Release|Any CPU.ActiveCfg = Release|Any CPU
		{FAD15D0D-133A-434A-955D-7574ED1806C1}.Release|Any CPU.Build.0 = Release|Any CPU
		{02267163-F333-4240-A3ED-A421BD25E56C}.Debug|Any CPU.ActiveCfg = Debug|Any CPU
		{02267163-F333-4240-A3ED-A421BD25E56C}.Debug|Any CPU.Build.0 = Debug|Any CPU
		{02267163-F333-4240-A3ED-A421BD25E56C}.Release|Any CPU.ActiveCfg = Release|Any CPU
		{02267163-F333-4240-A3ED-A421BD25E56C}.Release|Any CPU.Build.0 = Release|Any CPU
		{693CB02F-E1C2-4969-87C2-30BBA8E33C3A}.Debug|Any CPU.ActiveCfg = Debug|Any CPU
		{693CB02F-E1C2-4969-87C2-30BBA8E33C3A}.Debug|Any CPU.Build.0 = Debug|Any CPU
		{693CB02F-E1C2-4969-87C2-30BBA8E33C3A}.Release|Any CPU.ActiveCfg = Release|Any CPU
		{693CB02F-E1C2-4969-87C2-30BBA8E33C3A}.Release|Any CPU.Build.0 = Release|Any CPU
	EndGlobalSection
EndGlobal
